<Solution>
  <Folder Name="/src/">
    <Project Path="src/Practice.AdminCli/Practice.AdminCli.csproj" />
    <Project Path="src/Practice.Api/Practice.Api.csproj" />
    <Project Path="src/Practice.Billing/Practice.Billing.csproj" />
    <Project Path="src/Practice.BuildingBlocks/Practice.BuildingBlocks.csproj" />
    <Project Path="src/Practice.Database/Practice.Database.csproj" />
    <Project Path="src/Practice.Identity/Practice.Identity.csproj" />
    <Project Path="src/Practice.Reporting/Practice.Reporting.csproj" />
    <Project Path="src/Practice.Migrator/Practice.Migrator.csproj" />
    <Project Path="src/Practice.Scheduling/Practice.Scheduling.csproj" />
    <Project Path="src/Practice.Worker/Practice.Worker.csproj" />
  </Folder>
  <Folder Name="/tests/">
    <Project Path="tests/Practice.Api.IntegrationTests/Practice.Api.IntegrationTests.csproj" />
    <Project Path="tests/Practice.Architecture.Tests/Practice.Architecture.Tests.csproj" />
    <Project Path="tests/Practice.Billing.Tests/Practice.Billing.Tests.csproj" />
    <Project Path="tests/Practice.Database.Tests/Practice.Database.Tests.csproj" />
    <Project Path="tests/Practice.Identity.Tests/Practice.Identity.Tests.csproj" />
    <Project Path="tests/Practice.Reporting.Tests/Practice.Reporting.Tests.csproj" />
    <Project Path="tests/Practice.Scheduling.Tests/Practice.Scheduling.Tests.csproj" />
    <Project Path="tests/Practice.WorkbookProfiler.Tests/Practice.WorkbookProfiler.Tests.csproj" />
  </Folder>
  <Folder Name="/tools/">
    <Project Path="tools/Practice.ClientImporter/Practice.ClientImporter.csproj" />
    <Project Path="tools/Practice.WorkbookProfiler/Practice.WorkbookProfiler.csproj" />
  </Folder>
</Solution>
